{
  "name": "kubernetes-mcp-server",
  "version": "0.0.0",
  "lockfileVersion": 3,
  "requires": true,
  "packages": {
    "": {
      "name": "kubernetes-mcp-server",
      "version": "0.0.0",
      "license": "Apache-2.0",
      "bin": {
        "kubernetes-mcp-server": "bin/kubernetes-mcp-server.js"
      },
      "optionalDependencies": {
        "kubernetes-mcp-server-darwin-amd64": "0.0.0",
        "kubernetes-mcp-server-darwin-arm64": "0.0.0",
        "kubernetes-mcp-server-linux-amd64": "0.0.0",
        "kubernetes-mcp-server-linux-arm64": "0.0.0",
        "kubernetes-mcp-server-win32-amd64": "0.0.0",
        "kubernetes-mcp-server-win32-arm64": "0.0.0"
      }
    }
  }
}
